
Microsoft Visual Studio Solution File, Format Version 12.00
# Visual Studio Version 16
VisualStudioVersion = 16.0.30413.136
MinimumVisualStudioVersion = 10.0.40219.1
Project("{FAE04EC0-301F-11D3-BF4B-00C04F79EFBC}") = "PE6", "PE6.csproj", "{AF2490DB-870E-4C93-B562-DEC9E930E21A}"
EndProject
Global
	GlobalSection(SolutionConfigurationPlatforms) = preSolution
		Debug|Any CPU = Debug|Any CPU
		Release|Any CPU = Release|Any CPU
	EndGlobalSection
	GlobalSection(ProjectConfigurationPlatforms) = postSolution
		{AF2490DB-870E-4C93-B562-DEC9E930E21A}.Debug|Any CPU.ActiveCfg = Debug|Any CPU
		{AF2490DB-870E-4C93-B562-DEC9E930E21A}.Debug|Any CPU.Build.0 = Debug|Any CPU
		{AF2490DB-870E-4C93-B562-DEC9E930E21A}.Release|Any CPU.ActiveCfg = Release|Any CPU
		{AF2490DB-870E-4C93-B562-DEC9E930E21A}.Release|Any CPU.Build.0 = Release|Any CPU
	EndGlobalSection
	GlobalSection(SolutionProperties) = preSolution
		HideSolutionNode = FALSE
	EndGlobalSection
	GlobalSection(ExtensibilityGlobals) = postSolution
		SolutionGuid = {EDD5D842-9028-450F-8AAA-5DC5CA9B7D2E}
	EndGlobalSection
EndGlobal
